// !$*UTF8*$!
{
	archiveVersion = 1;
	classes = {
	};
	objectVersion = 46;
	objects = {

/* Begin PBXBuildFile section */
		01FA70C92DC2427E982DC6E5 /* Montserrat-ExtraLightItalic.ttf in Resources */ = {isa = PBXBuildFile; fileRef = C921361F49AB4C5EAB116A18 /* Montserrat-ExtraLightItalic.ttf */; };
		1106EE1F4E3745FFA95011A6 /* bg_zero.png in Resources */ = {isa = PBXBuildFile; fileRef = 0C3B2B5E07D54352A0A19725 /* bg_zero.png */; };
		13B07FBC1A68108700A75B9A /* AppDelegate.m in Sources */ = {isa = PBXBuildFile; fileRef = 13B07FB01A68108700A75B9A /* AppDelegate.m */; };
		13B07FBD1A68108700A75B9A /* LaunchScreen.xib in Resources */ = {isa = PBXBuildFile; fileRef = 13B07FB11A68108700A75B9A /* LaunchScreen.xib */; };
		13B07FBF1A68108700A75B9A /* Images.xcassets in Resources */ = {isa = PBXBuildFile; fileRef = 13B07FB51A68108700A75B9A /* Images.xcassets */; };
		13B07FC11A68108700A75B9A /* main.m in Sources */ = {isa = PBXBuildFile; fileRef = 13B07FB71A68108700A75B9A /* main.m */; };
		1921669A379C4317B0DEF7AE /* Montserrat-BlackItalic.ttf in Resources */ = {isa = PBXBuildFile; fileRef = 4057B623D86348EF9BC99CA2 /* Montserrat-BlackItalic.ttf */; };
		1A41836514F14381999856FE /* Montserrat-Medium.ttf in Resources */ = {isa = PBXBuildFile; fileRef = E090ECB10D2046EF8116FB80 /* Montserrat-Medium.ttf */; };
		2214905C35EE47B88C982ECA /* app_icon.png in Resources */ = {isa = PBXBuildFile; fileRef = ABB2DFA074174DF499FD44D0 /* app_icon.png */; };
		2790EFA40EA4468A8CC7BF5C /* Montserrat-Black.ttf in Resources */ = {isa = PBXBuildFile; fileRef = 91CE9E8C33AB448A88688629 /* Montserrat-Black.ttf */; };
		30AE345A05944B8FB80B89D1 /* avatar_default.png in Resources */ = {isa = PBXBuildFile; fileRef = B55621D73D4E4AF59449AF87 /* avatar_default.png */; };
		3B1AE0223052401DB7B0068E /* saline.png in Resources */ = {isa = PBXBuildFile; fileRef = EE44FCC7AA6F428FA6D643D9 /* saline.png */; };
		3B8F1D59550C4976BD7D51D7 /* Montserrat-SemiBoldItalic.ttf in Resources */ = {isa = PBXBuildFile; fileRef = 184CBAFB2B8B4C84944E252B /* Montserrat-SemiBoldItalic.ttf */; };
		420960BF2646459CAA919463 /* Montserrat-ExtraBold.ttf in Resources */ = {isa = PBXBuildFile; fileRef = 913FB5E038C14FCBB9B43965 /* Montserrat-ExtraBold.ttf */; };
		42BC9AB3054C496EAB18F6FC /* waves_bg.png in Resources */ = {isa = PBXBuildFile; fileRef = 62841FD748974EC0A88C3B5B /* waves_bg.png */; };
		48022681AB904DA9889E679C /* TSBackgroundFetch.framework in Frameworks */ = {isa = PBXBuildFile; fileRef = EF7A9022363F4CFD8E8CCE5F /* TSBackgroundFetch.framework */; };
		4B0CFA5624B4F0AA0068ABC6 /* File.swift in Sources */ = {isa = PBXBuildFile; fileRef = 4B0CFA5524B4F0AA0068ABC6 /* File.swift */; };
		4CCF060493BA43DD9659A706 /* Montserrat-Bold.ttf in Resources */ = {isa = PBXBuildFile; fileRef = F33CE5D00DE74457B856B41F /* Montserrat-Bold.ttf */; };
		60D7935900B74874BB5A24FE /* product_1.png in Resources */ = {isa = PBXBuildFile; fileRef = 952CA28531E34A44B6D1821B /* product_1.png */; };
		66DB3CBF71CE4DAB887CC72B /* pig.png in Resources */ = {isa = PBXBuildFile; fileRef = 5C37F04DAAE84D6B89207B7C /* pig.png */; };
		791D3E708D0F40D58BAD674D /* vaccine.png in Resources */ = {isa = PBXBuildFile; fileRef = CD6E0AA68592495F966792E4 /* vaccine.png */; };
		7DDDA744EC574BEE8D34AC98 /* person_ok.png in Resources */ = {isa = PBXBuildFile; fileRef = 089525ABF8B54BD3A248C59A /* person_ok.png */; };
		808AFDE8528A46AC812F2F08 /* cow.png in Resources */ = {isa = PBXBuildFile; fileRef = 672E1C05FC6A42B4A8ED323C /* cow.png */; };
		8B9E34F67D2B417CA2D6E26F /* waves_bottom_bg.png in Resources */ = {isa = PBXBuildFile; fileRef = 12476F28A25B45768F21E3F3 /* waves_bottom_bg.png */; };
		905CAF0618864BFB9D5A551D /* Montserrat-BoldItalic.ttf in Resources */ = {isa = PBXBuildFile; fileRef = 95027CFD0A2846FDB0653EDF /* Montserrat-BoldItalic.ttf */; };
		94EFF1392F3E435E89EDA2C6 /* Montserrat-SemiBold.ttf in Resources */ = {isa = PBXBuildFile; fileRef = 5F6318AC0EB947489742E7B9 /* Montserrat-SemiBold.ttf */; };
		9635B459AEB64EF08E286E1A /* Montserrat-ExtraLight.ttf in Resources */ = {isa = PBXBuildFile; fileRef = 8D986A733A5A48FFAF30B54D /* Montserrat-ExtraLight.ttf */; };
		99474D5B238C0DF3004F2D2E /* RNBackgroundFetch+AppDelegate.m in Sources */ = {isa = PBXBuildFile; fileRef = 99474D5A238C0DF3004F2D2E /* RNBackgroundFetch+AppDelegate.m */; };
		9EE63B7595474E32A02CF2DE /* Montserrat-Regular.ttf in Resources */ = {isa = PBXBuildFile; fileRef = 4B637F0A83A549EC98E60C3D /* Montserrat-Regular.ttf */; };
		A3A9DCDEEB834CD98ADF638F /* bg_one.png in Resources */ = {isa = PBXBuildFile; fileRef = 5B6785EDC89546C986BA38CC /* bg_one.png */; };
		A65E94331DD34DCFA88208EE /* Montserrat-LightItalic.ttf in Resources */ = {isa = PBXBuildFile; fileRef = 23EB3A4F91574466A551D861 /* Montserrat-LightItalic.ttf */; };
		BA9D6AEC01AC48E08929003E /* product_2.png in Resources */ = {isa = PBXBuildFile; fileRef = FDE4F2D2722B4D9B905555C9 /* product_2.png */; };
		BC008949B742453DB94B1A9F /* Montserrat-MediumItalic.ttf in Resources */ = {isa = PBXBuildFile; fileRef = BC73AB471F7F45D486D43BF1 /* Montserrat-MediumItalic.ttf */; };
		BE5E99B832494231B54EBD08 /* Montserrat-Italic.ttf in Resources */ = {isa = PBXBuildFile; fileRef = 6D4F5F8332624DE98219582D /* Montserrat-Italic.ttf */; };
		C6EA8BAB9E544D869A3BEE35 /* Montserrat-Thin.ttf in Resources */ = {isa = PBXBuildFile; fileRef = 35B3A9FE41F94FA3B229A820 /* Montserrat-Thin.ttf */; };
		CA12F1E0E97D42ECA7732EED /* Montserrat-ExtraBoldItalic.ttf in Resources */ = {isa = PBXBuildFile; fileRef = DC3EDE5A9E9645AD89D86604 /* Montserrat-ExtraBoldItalic.ttf */; };
		D03B938680E3C858B7A0B0E9 /* libPods-app.a in Frameworks */ = {isa = PBXBuildFile; fileRef = C0B104CDD7936FC49BC1F0A9 /* libPods-app.a */; };
		D4F5434355134434925398F9 /* Montserrat-ThinItalic.ttf in Resources */ = {isa = PBXBuildFile; fileRef = 7E27DF67A83E420690C39A22 /* Montserrat-ThinItalic.ttf */; };
		D9A2C1DEC69B446CB8088F9D /* serum.png in Resources */ = {isa = PBXBuildFile; fileRef = 90507504BC914E6E8C7134CF /* serum.png */; };
		DA3EB58771714707B3E31AE5 /* Montserrat-Light.ttf in Resources */ = {isa = PBXBuildFile; fileRef = 1B3E4CB0101249718A8D755F /* Montserrat-Light.ttf */; };
		DFB85451CB2B4158ADB0D5FA /* horse.png in Resources */ = {isa = PBXBuildFile; fileRef = 99DF60F111AE4B3BA2EB5D71 /* horse.png */; };
		E2BC2E98D7224C3A9F3BD18C /* sheep.png in Resources */ = {isa = PBXBuildFile; fileRef = 50D81D30B06B460FB8BA44F6 /* sheep.png */; };
		E5016926752C4129B075EB27 /* pills.png in Resources */ = {isa = PBXBuildFile; fileRef = 8E2F7149B4AA497CA6FFBA25 /* pills.png */; };
		F692D3C1F26C47B2B6B4E36A /* shopping_cart.png in Resources */ = {isa = PBXBuildFile; fileRef = 1235578BB52542CEA348360D /* shopping_cart.png */; };
/* End PBXBuildFile section */

/* Begin PBXFileReference section */
		008F07F21AC5B25A0029DE68 /* main.jsbundle */ = {isa = PBXFileReference; fileEncoding = 4; lastKnownFileType = text; path = main.jsbundle; sourceTree = "<group>"; };
		00E356F11AD99517003FC87E /* Info.plist */ = {isa = PBXFileReference; lastKnownFileType = text.plist.xml; path = Info.plist; sourceTree = "<group>"; };
		00E356F21AD99517003FC87E /* appTests.m */ = {isa = PBXFileReference; lastKnownFileType = sourcecode.c.objc; path = appTests.m; sourceTree = "<group>"; };
		0162976B2322473D86D6CA19 /* SpaceMono-Regular.ttf */ = {isa = PBXFileReference; explicitFileType = undefined; fileEncoding = 9; includeInIndex = 0; lastKnownFileType = unknown; name = "SpaceMono-Regular.ttf"; path = "../src/assets/fonts/SpaceMono-Regular.ttf"; sourceTree = "<group>"; };
		031E293466FE4705B3CE1D27 /* Entypo.ttf */ = {isa = PBXFileReference; explicitFileType = undefined; fileEncoding = 9; includeInIndex = 0; lastKnownFileType = unknown; name = Entypo.ttf; path = "../node_modules/native-base/Fonts/Entypo.ttf"; sourceTree = "<group>"; };
		089525ABF8B54BD3A248C59A /* person_ok.png */ = {isa = PBXFileReference; explicitFileType = undefined; fileEncoding = 9; includeInIndex = 0; lastKnownFileType = unknown; name = person_ok.png; path = ../src/assets/images/person_ok.png; sourceTree = "<group>"; };
		0C3B2B5E07D54352A0A19725 /* bg_zero.png */ = {isa = PBXFileReference; explicitFileType = undefined; fileEncoding = 9; includeInIndex = 0; lastKnownFileType = unknown; name = bg_zero.png; path = ../src/assets/images/bg_zero.png; sourceTree = "<group>"; };
		1235578BB52542CEA348360D /* shopping_cart.png */ = {isa = PBXFileReference; explicitFileType = undefined; fileEncoding = 9; includeInIndex = 0; lastKnownFileType = unknown; name = shopping_cart.png; path = ../src/assets/images/shopping_cart.png; sourceTree = "<group>"; };
		12476F28A25B45768F21E3F3 /* waves_bottom_bg.png */ = {isa = PBXFileReference; explicitFileType = undefined; fileEncoding = 9; includeInIndex = 0; lastKnownFileType = unknown; name = waves_bottom_bg.png; path = ../src/assets/images/waves_bottom_bg.png; sourceTree = "<group>"; };
		13B07F961A680F5B00A75B9A /* Nutrivic.app */ = {isa = PBXFileReference; explicitFileType = wrapper.application; includeInIndex = 0; path = Nutrivic.app; sourceTree = BUILT_PRODUCTS_DIR; };
		13B07FAF1A68108700A75B9A /* AppDelegate.h */ = {isa = PBXFileReference; fileEncoding = 4; lastKnownFileType = sourcecode.c.h; name = AppDelegate.h; path = app/AppDelegate.h; sourceTree = "<group>"; };
		13B07FB01A68108700A75B9A /* AppDelegate.m */ = {isa = PBXFileReference; fileEncoding = 4; lastKnownFileType = sourcecode.c.objc; name = AppDelegate.m; path = app/AppDelegate.m; sourceTree = "<group>"; };
		13B07FB21A68108700A75B9A /* Base */ = {isa = PBXFileReference; lastKnownFileType = file.xib; name = Base; path = Base.lproj/LaunchScreen.xib; sourceTree = "<group>"; };
		13B07FB51A68108700A75B9A /* Images.xcassets */ = {isa = PBXFileReference; lastKnownFileType = folder.assetcatalog; name = Images.xcassets; path = app/Images.xcassets; sourceTree = "<group>"; };
		13B07FB61A68108700A75B9A /* Info.plist */ = {isa = PBXFileReference; fileEncoding = 4; lastKnownFileType = text.plist.xml; name = Info.plist; path = app/Info.plist; sourceTree = "<group>"; };
		13B07FB71A68108700A75B9A /* main.m */ = {isa = PBXFileReference; fileEncoding = 4; lastKnownFileType = sourcecode.c.objc; name = main.m; path = app/main.m; sourceTree = "<group>"; };
		1409E4859E7E4A1884718719 /* splash.orig.png */ = {isa = PBXFileReference; explicitFileType = undefined; fileEncoding = 9; includeInIndex = 0; lastKnownFileType = unknown; name = splash.orig.png; path = ../src/assets/images/splash.orig.png; sourceTree = "<group>"; };
		184CBAFB2B8B4C84944E252B /* Montserrat-SemiBoldItalic.ttf */ = {isa = PBXFileReference; explicitFileType = undefined; fileEncoding = 9; includeInIndex = 0; lastKnownFileType = unknown; name = "Montserrat-SemiBoldItalic.ttf"; path = "../src/assets/fonts/Montserrat-SemiBoldItalic.ttf"; sourceTree = "<group>"; };
		1B3E4CB0101249718A8D755F /* Montserrat-Light.ttf */ = {isa = PBXFileReference; explicitFileType = undefined; fileEncoding = 9; includeInIndex = 0; lastKnownFileType = unknown; name = "Montserrat-Light.ttf"; path = "../src/assets/fonts/Montserrat-Light.ttf"; sourceTree = "<group>"; };
		23EB3A4F91574466A551D861 /* Montserrat-LightItalic.ttf */ = {isa = PBXFileReference; explicitFileType = undefined; fileEncoding = 9; includeInIndex = 0; lastKnownFileType = unknown; name = "Montserrat-LightItalic.ttf"; path = "../src/assets/fonts/Montserrat-LightItalic.ttf"; sourceTree = "<group>"; };
		287E81EE9CBE4A3AB9D60209 /* FontAwesome5_Solid.ttf */ = {isa = PBXFileReference; explicitFileType = undefined; fileEncoding = 9; includeInIndex = 0; lastKnownFileType = unknown; name = FontAwesome5_Solid.ttf; path = "../node_modules/native-base/Fonts/FontAwesome5_Solid.ttf"; sourceTree = "<group>"; };
		2DD3F60D09F74E0B83C21642 /* FontAwesome5_Brands.ttf */ = {isa = PBXFileReference; explicitFileType = undefined; fileEncoding = 9; includeInIndex = 0; lastKnownFileType = unknown; name = FontAwesome5_Brands.ttf; path = "../node_modules/native-base/Fonts/FontAwesome5_Brands.ttf"; sourceTree = "<group>"; };
		35B3A9FE41F94FA3B229A820 /* Montserrat-Thin.ttf */ = {isa = PBXFileReference; explicitFileType = undefined; fileEncoding = 9; includeInIndex = 0; lastKnownFileType = unknown; name = "Montserrat-Thin.ttf"; path = "../src/assets/fonts/Montserrat-Thin.ttf"; sourceTree = "<group>"; };
		3885FA896B2E4FC898934911 /* flame.png */ = {isa = PBXFileReference; explicitFileType = undefined; fileEncoding = 9; includeInIndex = 0; lastKnownFileType = unknown; name = flame.png; path = ../src/assets/images/flame.png; sourceTree = "<group>"; };
		3BBACCE9F922469F86D32B51 /* company_logo.png */ = {isa = PBXFileReference; explicitFileType = undefined; fileEncoding = 9; includeInIndex = 0; lastKnownFileType = unknown; name = company_logo.png; path = ../src/assets/images/company_logo.png; sourceTree = "<group>"; };
		3F1901CD4E1343D6B500A18A /* Foundation.ttf */ = {isa = PBXFileReference; explicitFileType = undefined; fileEncoding = 9; includeInIndex = 0; lastKnownFileType = unknown; name = Foundation.ttf; path = "../node_modules/native-base/Fonts/Foundation.ttf"; sourceTree = "<group>"; };
		3F78A867BF41494C99CBC3C7 /* EvilIcons.ttf */ = {isa = PBXFileReference; explicitFileType = undefined; fileEncoding = 9; includeInIndex = 0; lastKnownFileType = unknown; name = EvilIcons.ttf; path = "../node_modules/native-base/Fonts/EvilIcons.ttf"; sourceTree = "<group>"; };
		4057B623D86348EF9BC99CA2 /* Montserrat-BlackItalic.ttf */ = {isa = PBXFileReference; explicitFileType = undefined; fileEncoding = 9; includeInIndex = 0; lastKnownFileType = unknown; name = "Montserrat-BlackItalic.ttf"; path = "../src/assets/fonts/Montserrat-BlackItalic.ttf"; sourceTree = "<group>"; };
		4B0CFA5424B4F0AA0068ABC6 /* appTests-Bridging-Header.h */ = {isa = PBXFileReference; lastKnownFileType = sourcecode.c.h; path = "appTests-Bridging-Header.h"; sourceTree = "<group>"; };
		4B0CFA5524B4F0AA0068ABC6 /* File.swift */ = {isa = PBXFileReference; lastKnownFileType = sourcecode.swift; path = File.swift; sourceTree = "<group>"; };
		4B637F0A83A549EC98E60C3D /* Montserrat-Regular.ttf */ = {isa = PBXFileReference; explicitFileType = undefined; fileEncoding = 9; includeInIndex = 0; lastKnownFileType = unknown; name = "Montserrat-Regular.ttf"; path = "../src/assets/fonts/Montserrat-Regular.ttf"; sourceTree = "<group>"; };
		4B9840DF24D79D90002B1BBB /* Fontisto.ttf */ = {isa = PBXFileReference; lastKnownFileType = file; name = Fontisto.ttf; path = "../node_modules/react-native-vector-icons/Fonts/Fontisto.ttf"; sourceTree = "<group>"; };
		4B9840E024D79D91002B1BBB /* EvilIcons.ttf */ = {isa = PBXFileReference; lastKnownFileType = file; name = EvilIcons.ttf; path = "../node_modules/react-native-vector-icons/Fonts/EvilIcons.ttf"; sourceTree = "<group>"; };
		4B9840E124D79D91002B1BBB /* Feather.ttf */ = {isa = PBXFileReference; lastKnownFileType = file; name = Feather.ttf; path = "../node_modules/react-native-vector-icons/Fonts/Feather.ttf"; sourceTree = "<group>"; };
		4B9840E224D79D91002B1BBB /* FontAwesome.ttf */ = {isa = PBXFileReference; lastKnownFileType = file; name = FontAwesome.ttf; path = "../node_modules/react-native-vector-icons/Fonts/FontAwesome.ttf"; sourceTree = "<group>"; };
		4B9840E324D79D91002B1BBB /* Zocial.ttf */ = {isa = PBXFileReference; lastKnownFileType = file; name = Zocial.ttf; path = "../node_modules/react-native-vector-icons/Fonts/Zocial.ttf"; sourceTree = "<group>"; };
		4B9840E424D79D91002B1BBB /* FontAwesome5_Brands.ttf */ = {isa = PBXFileReference; lastKnownFileType = file; name = FontAwesome5_Brands.ttf; path = "../node_modules/react-native-vector-icons/Fonts/FontAwesome5_Brands.ttf"; sourceTree = "<group>"; };
		4B9840E524D79D91002B1BBB /* MaterialIcons.ttf */ = {isa = PBXFileReference; lastKnownFileType = file; name = MaterialIcons.ttf; path = "../node_modules/react-native-vector-icons/Fonts/MaterialIcons.ttf"; sourceTree = "<group>"; };
		4B9840E624D79D91002B1BBB /* Ionicons.ttf */ = {isa = PBXFileReference; lastKnownFileType = file; name = Ionicons.ttf; path = "../node_modules/react-native-vector-icons/Fonts/Ionicons.ttf"; sourceTree = "<group>"; };
		4B9840E724D79D91002B1BBB /* Entypo.ttf */ = {isa = PBXFileReference; lastKnownFileType = file; name = Entypo.ttf; path = "../node_modules/react-native-vector-icons/Fonts/Entypo.ttf"; sourceTree = "<group>"; };
		4B9840E824D79D91002B1BBB /* MaterialCommunityIcons.ttf */ = {isa = PBXFileReference; lastKnownFileType = file; name = MaterialCommunityIcons.ttf; path = "../node_modules/react-native-vector-icons/Fonts/MaterialCommunityIcons.ttf"; sourceTree = "<group>"; };
		4B9840E924D79D91002B1BBB /* FontAwesome5_Solid.ttf */ = {isa = PBXFileReference; lastKnownFileType = file; name = FontAwesome5_Solid.ttf; path = "../node_modules/react-native-vector-icons/Fonts/FontAwesome5_Solid.ttf"; sourceTree = "<group>"; };
		4B9840EA24D79D91002B1BBB /* AntDesign.ttf */ = {isa = PBXFileReference; lastKnownFileType = file; name = AntDesign.ttf; path = "../node_modules/react-native-vector-icons/Fonts/AntDesign.ttf"; sourceTree = "<group>"; };
		4B9840EB24D79D92002B1BBB /* Foundation.ttf */ = {isa = PBXFileReference; lastKnownFileType = file; name = Foundation.ttf; path = "../node_modules/react-native-vector-icons/Fonts/Foundation.ttf"; sourceTree = "<group>"; };
		4B9840EC24D79D92002B1BBB /* Octicons.ttf */ = {isa = PBXFileReference; lastKnownFileType = file; name = Octicons.ttf; path = "../node_modules/react-native-vector-icons/Fonts/Octicons.ttf"; sourceTree = "<group>"; };
		4B9840ED24D79D92002B1BBB /* SimpleLineIcons.ttf */ = {isa = PBXFileReference; lastKnownFileType = file; name = SimpleLineIcons.ttf; path = "../node_modules/react-native-vector-icons/Fonts/SimpleLineIcons.ttf"; sourceTree = "<group>"; };
		4B9840EE24D79D92002B1BBB /* FontAwesome5_Regular.ttf */ = {isa = PBXFileReference; lastKnownFileType = file; name = FontAwesome5_Regular.ttf; path = "../node_modules/react-native-vector-icons/Fonts/FontAwesome5_Regular.ttf"; sourceTree = "<group>"; };
		4BAE95BF24B4D36B0066C26A /* app-Bridging-Header.h */ = {isa = PBXFileReference; lastKnownFileType = sourcecode.c.h; path = "app-Bridging-Header.h"; sourceTree = "<group>"; };
		4FB98DDD491A4069933E1994 /* MaterialIcons.ttf */ = {isa = PBXFileReference; explicitFileType = undefined; fileEncoding = 9; includeInIndex = 0; lastKnownFileType = unknown; name = MaterialIcons.ttf; path = "../node_modules/native-base/Fonts/MaterialIcons.ttf"; sourceTree = "<group>"; };
		50D81D30B06B460FB8BA44F6 /* sheep.png */ = {isa = PBXFileReference; explicitFileType = undefined; fileEncoding = 9; includeInIndex = 0; lastKnownFileType = unknown; name = sheep.png; path = ../src/assets/images/sheep.png; sourceTree = "<group>"; };
		5B6785EDC89546C986BA38CC /* bg_one.png */ = {isa = PBXFileReference; explicitFileType = undefined; fileEncoding = 9; includeInIndex = 0; lastKnownFileType = unknown; name = bg_one.png; path = ../src/assets/images/bg_one.png; sourceTree = "<group>"; };
		5C37F04DAAE84D6B89207B7C /* pig.png */ = {isa = PBXFileReference; explicitFileType = undefined; fileEncoding = 9; includeInIndex = 0; lastKnownFileType = unknown; name = pig.png; path = ../src/assets/images/pig.png; sourceTree = "<group>"; };
		5F6318AC0EB947489742E7B9 /* Montserrat-SemiBold.ttf */ = {isa = PBXFileReference; explicitFileType = undefined; fileEncoding = 9; includeInIndex = 0; lastKnownFileType = unknown; name = "Montserrat-SemiBold.ttf"; path = "../src/assets/fonts/Montserrat-SemiBold.ttf"; sourceTree = "<group>"; };
		6215DFA2C20B4269B77C62DD /* AntDesign.ttf */ = {isa = PBXFileReference; explicitFileType = undefined; fileEncoding = 9; includeInIndex = 0; lastKnownFileType = unknown; name = AntDesign.ttf; path = "../node_modules/native-base/Fonts/AntDesign.ttf"; sourceTree = "<group>"; };
		62841FD748974EC0A88C3B5B /* waves_bg.png */ = {isa = PBXFileReference; explicitFileType = undefined; fileEncoding = 9; includeInIndex = 0; lastKnownFileType = unknown; name = waves_bg.png; path = ../src/assets/images/waves_bg.png; sourceTree = "<group>"; };
		636C358BDB1C478CAF9EF8DE /* Zocial.ttf */ = {isa = PBXFileReference; explicitFileType = undefined; fileEncoding = 9; includeInIndex = 0; lastKnownFileType = unknown; name = Zocial.ttf; path = "../node_modules/native-base/Fonts/Zocial.ttf"; sourceTree = "<group>"; };
		63F76A436F0348E0AD2B582A /* atoms_bg.png */ = {isa = PBXFileReference; explicitFileType = undefined; fileEncoding = 9; includeInIndex = 0; lastKnownFileType = unknown; name = atoms_bg.png; path = ../src/assets/images/atoms_bg.png; sourceTree = "<group>"; };
		672E1C05FC6A42B4A8ED323C /* cow.png */ = {isa = PBXFileReference; explicitFileType = undefined; fileEncoding = 9; includeInIndex = 0; lastKnownFileType = unknown; name = cow.png; path = ../src/assets/images/cow.png; sourceTree = "<group>"; };
		6A8D88DD11AD4363BD96106F /* FontAwesome5_Regular.ttf */ = {isa = PBXFileReference; explicitFileType = undefined; fileEncoding = 9; includeInIndex = 0; lastKnownFileType = unknown; name = FontAwesome5_Regular.ttf; path = "../node_modules/native-base/Fonts/FontAwesome5_Regular.ttf"; sourceTree = "<group>"; };
		6BE34D4819BB4720BDB2CF46 /* rubicon-icon-font.ttf */ = {isa = PBXFileReference; explicitFileType = undefined; fileEncoding = 9; includeInIndex = 0; lastKnownFileType = unknown; name = "rubicon-icon-font.ttf"; path = "../node_modules/native-base/Fonts/rubicon-icon-font.ttf"; sourceTree = "<group>"; };
		6BF413476C9E4240B9C3EDFE /* login.jpg */ = {isa = PBXFileReference; explicitFileType = undefined; fileEncoding = 9; includeInIndex = 0; lastKnownFileType = unknown; name = login.jpg; path = ../src/assets/images/login.jpg; sourceTree = "<group>"; };
		6D4F5F8332624DE98219582D /* Montserrat-Italic.ttf */ = {isa = PBXFileReference; explicitFileType = undefined; fileEncoding = 9; includeInIndex = 0; lastKnownFileType = unknown; name = "Montserrat-Italic.ttf"; path = "../src/assets/fonts/Montserrat-Italic.ttf"; sourceTree = "<group>"; };
		7603F981B4B648788AF31600 /* Ionicons.ttf */ = {isa = PBXFileReference; explicitFileType = undefined; fileEncoding = 9; includeInIndex = 0; lastKnownFileType = unknown; name = Ionicons.ttf; path = "../node_modules/native-base/Fonts/Ionicons.ttf"; sourceTree = "<group>"; };
		766FBFF5D8BF4087A329D4F9 /* Reckoner.ttf */ = {isa = PBXFileReference; explicitFileType = undefined; fileEncoding = 9; includeInIndex = 0; lastKnownFileType = unknown; name = Reckoner.ttf; path = ../src/assets/fonts/Reckoner.ttf; sourceTree = "<group>"; };
		7BC8A37CDE774A8E960D465D /* logo.png */ = {isa = PBXFileReference; explicitFileType = undefined; fileEncoding = 9; includeInIndex = 0; lastKnownFileType = unknown; name = logo.png; path = ../src/assets/images/logo.png; sourceTree = "<group>"; };
		7E27DF67A83E420690C39A22 /* Montserrat-ThinItalic.ttf */ = {isa = PBXFileReference; explicitFileType = undefined; fileEncoding = 9; includeInIndex = 0; lastKnownFileType = unknown; name = "Montserrat-ThinItalic.ttf"; path = "../src/assets/fonts/Montserrat-ThinItalic.ttf"; sourceTree = "<group>"; };
		87BA77AB626346B9A899594C /* dls_logo.png */ = {isa = PBXFileReference; explicitFileType = undefined; fileEncoding = 9; includeInIndex = 0; lastKnownFileType = unknown; name = dls_logo.png; path = ../src/assets/images/dls_logo.png; sourceTree = "<group>"; };
		8D986A733A5A48FFAF30B54D /* Montserrat-ExtraLight.ttf */ = {isa = PBXFileReference; explicitFileType = undefined; fileEncoding = 9; includeInIndex = 0; lastKnownFileType = unknown; name = "Montserrat-ExtraLight.ttf"; path = "../src/assets/fonts/Montserrat-ExtraLight.ttf"; sourceTree = "<group>"; };
		8E2F7149B4AA497CA6FFBA25 /* pills.png */ = {isa = PBXFileReference; explicitFileType = undefined; fileEncoding = 9; includeInIndex = 0; lastKnownFileType = unknown; name = pills.png; path = ../src/assets/images/pills.png; sourceTree = "<group>"; };
		8E58E72B45F64F2CBF5D9B54 /* FontAwesome.ttf */ = {isa = PBXFileReference; explicitFileType = undefined; fileEncoding = 9; includeInIndex = 0; lastKnownFileType = unknown; name = FontAwesome.ttf; path = "../node_modules/native-base/Fonts/FontAwesome.ttf"; sourceTree = "<group>"; };
		90507504BC914E6E8C7134CF /* serum.png */ = {isa = PBXFileReference; explicitFileType = undefined; fileEncoding = 9; includeInIndex = 0; lastKnownFileType = unknown; name = serum.png; path = ../src/assets/images/serum.png; sourceTree = "<group>"; };
		913FB5E038C14FCBB9B43965 /* Montserrat-ExtraBold.ttf */ = {isa = PBXFileReference; explicitFileType = undefined; fileEncoding = 9; includeInIndex = 0; lastKnownFileType = unknown; name = "Montserrat-ExtraBold.ttf"; path = "../src/assets/fonts/Montserrat-ExtraBold.ttf"; sourceTree = "<group>"; };
		91CE9E8C33AB448A88688629 /* Montserrat-Black.ttf */ = {isa = PBXFileReference; explicitFileType = undefined; fileEncoding = 9; includeInIndex = 0; lastKnownFileType = unknown; name = "Montserrat-Black.ttf"; path = "../src/assets/fonts/Montserrat-Black.ttf"; sourceTree = "<group>"; };
		95027CFD0A2846FDB0653EDF /* Montserrat-BoldItalic.ttf */ = {isa = PBXFileReference; explicitFileType = undefined; fileEncoding = 9; includeInIndex = 0; lastKnownFileType = unknown; name = "Montserrat-BoldItalic.ttf"; path = "../src/assets/fonts/Montserrat-BoldItalic.ttf"; sourceTree = "<group>"; };
		952CA28531E34A44B6D1821B /* product_1.png */ = {isa = PBXFileReference; explicitFileType = undefined; fileEncoding = 9; includeInIndex = 0; lastKnownFileType = unknown; name = product_1.png; path = ../src/assets/images/product_1.png; sourceTree = "<group>"; };
		99474D5A238C0DF3004F2D2E /* RNBackgroundFetch+AppDelegate.m */ = {isa = PBXFileReference; fileEncoding = 4; lastKnownFileType = sourcecode.c.objc; name = "RNBackgroundFetch+AppDelegate.m"; path = "../node_modules/react-native-background-fetch/ios/RNBackgroundFetch/RNBackgroundFetch+AppDelegate.m"; sourceTree = "<group>"; };
		99DF60F111AE4B3BA2EB5D71 /* horse.png */ = {isa = PBXFileReference; explicitFileType = undefined; fileEncoding = 9; includeInIndex = 0; lastKnownFileType = unknown; name = horse.png; path = ../src/assets/images/horse.png; sourceTree = "<group>"; };
		9A36B48B27204FFDB2D12F53 /* SimpleLineIcons.ttf */ = {isa = PBXFileReference; explicitFileType = undefined; fileEncoding = 9; includeInIndex = 0; lastKnownFileType = unknown; name = SimpleLineIcons.ttf; path = "../node_modules/native-base/Fonts/SimpleLineIcons.ttf"; sourceTree = "<group>"; };
		9AB680150B564D2F9C7A5AAE /* user.png */ = {isa = PBXFileReference; explicitFileType = undefined; fileEncoding = 9; includeInIndex = 0; lastKnownFileType = unknown; name = user.png; path = ../src/assets/images/user.png; sourceTree = "<group>"; };
		9D4168893E1C42E789D039F1 /* icon.png */ = {isa = PBXFileReference; explicitFileType = undefined; fileEncoding = 9; includeInIndex = 0; lastKnownFileType = unknown; name = icon.png; path = ../src/assets/images/icon.png; sourceTree = "<group>"; };
		A409D3AC466D4DD29EFEFAA6 /* Roboto_medium.ttf */ = {isa = PBXFileReference; explicitFileType = undefined; fileEncoding = 9; includeInIndex = 0; lastKnownFileType = unknown; name = Roboto_medium.ttf; path = "../node_modules/native-base/Fonts/Roboto_medium.ttf"; sourceTree = "<group>"; };
		A8F5CCFCC01344F38CB01ED6 /* CircularStd-Bold.ttf */ = {isa = PBXFileReference; explicitFileType = undefined; fileEncoding = 9; includeInIndex = 0; lastKnownFileType = unknown; name = "CircularStd-Bold.ttf"; path = "../src/assets/fonts/CircularStd-Bold.ttf"; sourceTree = "<group>"; };
		AA166838FF3D4E07B2B6F12F /* CircularStd-Book.ttf */ = {isa = PBXFileReference; explicitFileType = undefined; fileEncoding = 9; includeInIndex = 0; lastKnownFileType = unknown; name = "CircularStd-Book.ttf"; path = "../src/assets/fonts/CircularStd-Book.ttf"; sourceTree = "<group>"; };
		ABB2DFA074174DF499FD44D0 /* app_icon.png */ = {isa = PBXFileReference; explicitFileType = undefined; fileEncoding = 9; includeInIndex = 0; lastKnownFileType = unknown; name = app_icon.png; path = ../src/assets/images/app_icon.png; sourceTree = "<group>"; };
		B55621D73D4E4AF59449AF87 /* avatar_default.png */ = {isa = PBXFileReference; explicitFileType = undefined; fileEncoding = 9; includeInIndex = 0; lastKnownFileType = unknown; name = avatar_default.png; path = ../src/assets/images/avatar_default.png; sourceTree = "<group>"; };
		B77D5EAEB568468D883F62D6 /* Fontisto.ttf */ = {isa = PBXFileReference; explicitFileType = undefined; fileEncoding = 9; includeInIndex = 0; lastKnownFileType = unknown; name = Fontisto.ttf; path = "../node_modules/native-base/Fonts/Fontisto.ttf"; sourceTree = "<group>"; };
		BC73AB471F7F45D486D43BF1 /* Montserrat-MediumItalic.ttf */ = {isa = PBXFileReference; explicitFileType = undefined; fileEncoding = 9; includeInIndex = 0; lastKnownFileType = unknown; name = "Montserrat-MediumItalic.ttf"; path = "../src/assets/fonts/Montserrat-MediumItalic.ttf"; sourceTree = "<group>"; };
		BEE205F393F8466CA36CEA0A /* Feather.ttf */ = {isa = PBXFileReference; explicitFileType = undefined; fileEncoding = 9; includeInIndex = 0; lastKnownFileType = unknown; name = Feather.ttf; path = "../node_modules/native-base/Fonts/Feather.ttf"; sourceTree = "<group>"; };
		C0B104CDD7936FC49BC1F0A9 /* libPods-app.a */ = {isa = PBXFileReference; explicitFileType = archive.ar; includeInIndex = 0; path = "libPods-app.a"; sourceTree = BUILT_PRODUCTS_DIR; };
		C0B603F47F0549328F286394 /* icon.orig.png */ = {isa = PBXFileReference; explicitFileType = undefined; fileEncoding = 9; includeInIndex = 0; lastKnownFileType = unknown; name = icon.orig.png; path = ../src/assets/images/icon.orig.png; sourceTree = "<group>"; };
		C5D0CDDB16C745C4994A0C3E /* welcome.png */ = {isa = PBXFileReference; explicitFileType = undefined; fileEncoding = 9; includeInIndex = 0; lastKnownFileType = unknown; name = welcome.png; path = ../src/assets/images/welcome.png; sourceTree = "<group>"; };
		C921361F49AB4C5EAB116A18 /* Montserrat-ExtraLightItalic.ttf */ = {isa = PBXFileReference; explicitFileType = undefined; fileEncoding = 9; includeInIndex = 0; lastKnownFileType = unknown; name = "Montserrat-ExtraLightItalic.ttf"; path = "../src/assets/fonts/Montserrat-ExtraLightItalic.ttf"; sourceTree = "<group>"; };
		CD6E0AA68592495F966792E4 /* vaccine.png */ = {isa = PBXFileReference; explicitFileType = undefined; fileEncoding = 9; includeInIndex = 0; lastKnownFileType = unknown; name = vaccine.png; path = ../src/assets/images/vaccine.png; sourceTree = "<group>"; };
		D6574ECDD5514A76B76205C1 /* dls_logo.orig.png */ = {isa = PBXFileReference; explicitFileType = undefined; fileEncoding = 9; includeInIndex = 0; lastKnownFileType = unknown; name = dls_logo.orig.png; path = ../src/assets/images/dls_logo.orig.png; sourceTree = "<group>"; };
		DC3EDE5A9E9645AD89D86604 /* Montserrat-ExtraBoldItalic.ttf */ = {isa = PBXFileReference; explicitFileType = undefined; fileEncoding = 9; includeInIndex = 0; lastKnownFileType = unknown; name = "Montserrat-ExtraBoldItalic.ttf"; path = "../src/assets/fonts/Montserrat-ExtraBoldItalic.ttf"; sourceTree = "<group>"; };
		DC97BB2B44694440937B9212 /* eye_hide.png */ = {isa = PBXFileReference; explicitFileType = undefined; fileEncoding = 9; includeInIndex = 0; lastKnownFileType = unknown; name = eye_hide.png; path = ../src/assets/images/eye_hide.png; sourceTree = "<group>"; };
		DEF7910ADC84495CAC647182 /* Octicons.ttf */ = {isa = PBXFileReference; explicitFileType = undefined; fileEncoding = 9; includeInIndex = 0; lastKnownFileType = unknown; name = Octicons.ttf; path = "../node_modules/native-base/Fonts/Octicons.ttf"; sourceTree = "<group>"; };
		E090ECB10D2046EF8116FB80 /* Montserrat-Medium.ttf */ = {isa = PBXFileReference; explicitFileType = undefined; fileEncoding = 9; includeInIndex = 0; lastKnownFileType = unknown; name = "Montserrat-Medium.ttf"; path = "../src/assets/fonts/Montserrat-Medium.ttf"; sourceTree = "<group>"; };
		E29FF2F5C49F400CAA7BBBC7 /* dls_logo.jpg */ = {isa = PBXFileReference; explicitFileType = undefined; fileEncoding = 9; includeInIndex = 0; lastKnownFileType = unknown; name = dls_logo.jpg; path = ../src/assets/images/dls_logo.jpg; sourceTree = "<group>"; };
		E331DBF999C576097E63564F /* Pods-app.release.xcconfig */ = {isa = PBXFileReference; includeInIndex = 1; lastKnownFileType = text.xcconfig; name = "Pods-app.release.xcconfig"; path = "Target Support Files/Pods-app/Pods-app.release.xcconfig"; sourceTree = "<group>"; };
		EB463C32ED5F4A22B5F8D482 /* Roboto.ttf */ = {isa = PBXFileReference; explicitFileType = undefined; fileEncoding = 9; includeInIndex = 0; lastKnownFileType = unknown; name = Roboto.ttf; path = "../node_modules/native-base/Fonts/Roboto.ttf"; sourceTree = "<group>"; };
		ED297162215061F000B7C4FE /* JavaScriptCore.framework */ = {isa = PBXFileReference; lastKnownFileType = wrapper.framework; name = JavaScriptCore.framework; path = System/Library/Frameworks/JavaScriptCore.framework; sourceTree = SDKROOT; };
		ED2971642150620600B7C4FE /* JavaScriptCore.framework */ = {isa = PBXFileReference; lastKnownFileType = wrapper.framework; name = JavaScriptCore.framework; path = Platforms/AppleTVOS.platform/Developer/SDKs/AppleTVOS12.0.sdk/System/Library/Frameworks/JavaScriptCore.framework; sourceTree = DEVELOPER_DIR; };
		EE44FCC7AA6F428FA6D643D9 /* saline.png */ = {isa = PBXFileReference; explicitFileType = undefined; fileEncoding = 9; includeInIndex = 0; lastKnownFileType = unknown; name = saline.png; path = ../src/assets/images/saline.png; sourceTree = "<group>"; };
		EF7A9022363F4CFD8E8CCE5F /* TSBackgroundFetch.framework */ = {isa = PBXFileReference; explicitFileType = undefined; fileEncoding = 9; includeInIndex = 0; lastKnownFileType = wrapper.framework; name = TSBackgroundFetch.framework; path = "../node_modules/react-native-background-fetch/ios/RNBackgroundFetch/TSBackgroundFetch.framework"; sourceTree = SDKROOT; };
		F33CE5D00DE74457B856B41F /* Montserrat-Bold.ttf */ = {isa = PBXFileReference; explicitFileType = undefined; fileEncoding = 9; includeInIndex = 0; lastKnownFileType = unknown; name = "Montserrat-Bold.ttf"; path = "../src/assets/fonts/Montserrat-Bold.ttf"; sourceTree = "<group>"; };
		F435FB439F9347E49881FCA2 /* splash.png */ = {isa = PBXFileReference; explicitFileType = undefined; fileEncoding = 9; includeInIndex = 0; lastKnownFileType = unknown; name = splash.png; path = ../src/assets/images/splash.png; sourceTree = "<group>"; };
		F501A11081F14B5E8214FA20 /* MaterialCommunityIcons.ttf */ = {isa = PBXFileReference; explicitFileType = undefined; fileEncoding = 9; includeInIndex = 0; lastKnownFileType = unknown; name = MaterialCommunityIcons.ttf; path = "../node_modules/native-base/Fonts/MaterialCommunityIcons.ttf"; sourceTree = "<group>"; };
		F544AD79C687F7BD9F4A0419 /* Pods-app.debug.xcconfig */ = {isa = PBXFileReference; includeInIndex = 1; lastKnownFileType = text.xcconfig; name = "Pods-app.debug.xcconfig"; path = "Target Support Files/Pods-app/Pods-app.debug.xcconfig"; sourceTree = "<group>"; };
		F95C99C866E04F73BD983973 /* location-pin.svg */ = {isa = PBXFileReference; explicitFileType = undefined; fileEncoding = 9; includeInIndex = 0; lastKnownFileType = unknown; name = "location-pin.svg"; path = "../src/assets/images/location-pin.svg"; sourceTree = "<group>"; };
		FDE4F2D2722B4D9B905555C9 /* product_2.png */ = {isa = PBXFileReference; explicitFileType = undefined; fileEncoding = 9; includeInIndex = 0; lastKnownFileType = unknown; name = product_2.png; path = ../src/assets/images/product_2.png; sourceTree = "<group>"; };
/* End PBXFileReference section */

/* Begin PBXFrameworksBuildPhase section */
		13B07F8C1A680F5B00A75B9A /* Frameworks */ = {
			isa = PBXFrameworksBuildPhase;
			buildActionMask = 2147483647;
			files = (
				48022681AB904DA9889E679C /* TSBackgroundFetch.framework in Frameworks */,
				D03B938680E3C858B7A0B0E9 /* libPods-app.a in Frameworks */,
			);
			runOnlyForDeploymentPostprocessing = 0;
		};
/* End PBXFrameworksBuildPhase section */

/* Begin PBXGroup section */
		00E356EF1AD99517003FC87E /* appTests */ = {
			isa = PBXGroup;
			children = (
				00E356F21AD99517003FC87E /* appTests.m */,
				00E356F01AD99517003FC87E /* Supporting Files */,
			);
			path = appTests;
			sourceTree = "<group>";
		};
		00E356F01AD99517003FC87E /* Supporting Files */ = {
			isa = PBXGroup;
			children = (
				00E356F11AD99517003FC87E /* Info.plist */,
			);
			name = "Supporting Files";
			sourceTree = "<group>";
		};
		13B07FAE1A68108700A75B9A /* app */ = {
			isa = PBXGroup;
			children = (
				4B9840DE24D78428002B1BBB /* Fonts */,
				99474D5A238C0DF3004F2D2E /* RNBackgroundFetch+AppDelegate.m */,
				008F07F21AC5B25A0029DE68 /* main.jsbundle */,
				13B07FAF1A68108700A75B9A /* AppDelegate.h */,
				13B07FB01A68108700A75B9A /* AppDelegate.m */,
				13B07FB51A68108700A75B9A /* Images.xcassets */,
				13B07FB61A68108700A75B9A /* Info.plist */,
				13B07FB11A68108700A75B9A /* LaunchScreen.xib */,
				13B07FB71A68108700A75B9A /* main.m */,
			);
			name = app;
			sourceTree = "<group>";
		};
		2D16E6871FA4F8E400B85C8A /* Frameworks */ = {
			isa = PBXGroup;
			children = (
				ED297162215061F000B7C4FE /* JavaScriptCore.framework */,
				ED2971642150620600B7C4FE /* JavaScriptCore.framework */,
				EF7A9022363F4CFD8E8CCE5F /* TSBackgroundFetch.framework */,
				C0B104CDD7936FC49BC1F0A9 /* libPods-app.a */,
			);
			name = Frameworks;
			sourceTree = "<group>";
		};
		4B9840DE24D78428002B1BBB /* Fonts */ = {
			isa = PBXGroup;
			children = (
				4B9840EA24D79D91002B1BBB /* AntDesign.ttf */,
				4B9840E724D79D91002B1BBB /* Entypo.ttf */,
				4B9840E024D79D91002B1BBB /* EvilIcons.ttf */,
				4B9840E124D79D91002B1BBB /* Feather.ttf */,
				4B9840E224D79D91002B1BBB /* FontAwesome.ttf */,
				4B9840E424D79D91002B1BBB /* FontAwesome5_Brands.ttf */,
				4B9840EE24D79D92002B1BBB /* FontAwesome5_Regular.ttf */,
				4B9840E924D79D91002B1BBB /* FontAwesome5_Solid.ttf */,
				4B9840DF24D79D90002B1BBB /* Fontisto.ttf */,
				4B9840EB24D79D92002B1BBB /* Foundation.ttf */,
				4B9840E624D79D91002B1BBB /* Ionicons.ttf */,
				4B9840E824D79D91002B1BBB /* MaterialCommunityIcons.ttf */,
				4B9840E524D79D91002B1BBB /* MaterialIcons.ttf */,
				4B9840EC24D79D92002B1BBB /* Octicons.ttf */,
				4B9840ED24D79D92002B1BBB /* SimpleLineIcons.ttf */,
				4B9840E324D79D91002B1BBB /* Zocial.ttf */,
			);
			name = Fonts;
			sourceTree = "<group>";
		};
		571CFE8BA730E68A062E0F08 /* Pods */ = {
			isa = PBXGroup;
			children = (
				F544AD79C687F7BD9F4A0419 /* Pods-app.debug.xcconfig */,
				E331DBF999C576097E63564F /* Pods-app.release.xcconfig */,
			);
			path = Pods;
			sourceTree = "<group>";
		};
		832341AE1AAA6A7D00B99B32 /* Libraries */ = {
			isa = PBXGroup;
			children = (
			);
			name = Libraries;
			sourceTree = "<group>";
		};
		83CBB9F61A601CBA00E9B192 = {
			isa = PBXGroup;
			children = (
				4B0CFA5524B4F0AA0068ABC6 /* File.swift */,
				13B07FAE1A68108700A75B9A /* app */,
				832341AE1AAA6A7D00B99B32 /* Libraries */,
				00E356EF1AD99517003FC87E /* appTests */,
				83CBBA001A601CBA00E9B192 /* Products */,
				2D16E6871FA4F8E400B85C8A /* Frameworks */,
				858E98DF909B4F8C823D9D72 /* Resources */,
				571CFE8BA730E68A062E0F08 /* Pods */,
				4BAE95BF24B4D36B0066C26A /* app-Bridging-Header.h */,
				4B0CFA5424B4F0AA0068ABC6 /* appTests-Bridging-Header.h */,
			);
			indentWidth = 2;
			sourceTree = "<group>";
			tabWidth = 2;
			usesTabs = 0;
		};
		83CBBA001A601CBA00E9B192 /* Products */ = {
			isa = PBXGroup;
			children = (
				13B07F961A680F5B00A75B9A /* Nutrivic.app */,
			);
			name = Products;
			sourceTree = "<group>";
		};
		858E98DF909B4F8C823D9D72 /* Resources */ = {
			isa = PBXGroup;
			children = (
				D6574ECDD5514A76B76205C1 /* dls_logo.orig.png */,
				87BA77AB626346B9A899594C /* dls_logo.png */,
				C0B603F47F0549328F286394 /* icon.orig.png */,
				9D4168893E1C42E789D039F1 /* icon.png */,
				6BF413476C9E4240B9C3EDFE /* login.jpg */,
				1409E4859E7E4A1884718719 /* splash.orig.png */,
				F435FB439F9347E49881FCA2 /* splash.png */,
				0162976B2322473D86D6CA19 /* SpaceMono-Regular.ttf */,
				6215DFA2C20B4269B77C62DD /* AntDesign.ttf */,
				031E293466FE4705B3CE1D27 /* Entypo.ttf */,
				3F78A867BF41494C99CBC3C7 /* EvilIcons.ttf */,
				BEE205F393F8466CA36CEA0A /* Feather.ttf */,
				8E58E72B45F64F2CBF5D9B54 /* FontAwesome.ttf */,
				2DD3F60D09F74E0B83C21642 /* FontAwesome5_Brands.ttf */,
				6A8D88DD11AD4363BD96106F /* FontAwesome5_Regular.ttf */,
				287E81EE9CBE4A3AB9D60209 /* FontAwesome5_Solid.ttf */,
				B77D5EAEB568468D883F62D6 /* Fontisto.ttf */,
				3F1901CD4E1343D6B500A18A /* Foundation.ttf */,
				7603F981B4B648788AF31600 /* Ionicons.ttf */,
				F501A11081F14B5E8214FA20 /* MaterialCommunityIcons.ttf */,
				4FB98DDD491A4069933E1994 /* MaterialIcons.ttf */,
				DEF7910ADC84495CAC647182 /* Octicons.ttf */,
				A409D3AC466D4DD29EFEFAA6 /* Roboto_medium.ttf */,
				EB463C32ED5F4A22B5F8D482 /* Roboto.ttf */,
				6BE34D4819BB4720BDB2CF46 /* rubicon-icon-font.ttf */,
				9A36B48B27204FFDB2D12F53 /* SimpleLineIcons.ttf */,
				636C358BDB1C478CAF9EF8DE /* Zocial.ttf */,
				9AB680150B564D2F9C7A5AAE /* user.png */,
				F95C99C866E04F73BD983973 /* location-pin.svg */,
				E29FF2F5C49F400CAA7BBBC7 /* dls_logo.jpg */,
				3BBACCE9F922469F86D32B51 /* company_logo.png */,
				63F76A436F0348E0AD2B582A /* atoms_bg.png */,
				DC97BB2B44694440937B9212 /* eye_hide.png */,
				3885FA896B2E4FC898934911 /* flame.png */,
				7BC8A37CDE774A8E960D465D /* logo.png */,
				C5D0CDDB16C745C4994A0C3E /* welcome.png */,
				A8F5CCFCC01344F38CB01ED6 /* CircularStd-Bold.ttf */,
				AA166838FF3D4E07B2B6F12F /* CircularStd-Book.ttf */,
				766FBFF5D8BF4087A329D4F9 /* Reckoner.ttf */,
				91CE9E8C33AB448A88688629 /* Montserrat-Black.ttf */,
				4057B623D86348EF9BC99CA2 /* Montserrat-BlackItalic.ttf */,
				F33CE5D00DE74457B856B41F /* Montserrat-Bold.ttf */,
				95027CFD0A2846FDB0653EDF /* Montserrat-BoldItalic.ttf */,
				913FB5E038C14FCBB9B43965 /* Montserrat-ExtraBold.ttf */,
				DC3EDE5A9E9645AD89D86604 /* Montserrat-ExtraBoldItalic.ttf */,
				8D986A733A5A48FFAF30B54D /* Montserrat-ExtraLight.ttf */,
				C921361F49AB4C5EAB116A18 /* Montserrat-ExtraLightItalic.ttf */,
				6D4F5F8332624DE98219582D /* Montserrat-Italic.ttf */,
				1B3E4CB0101249718A8D755F /* Montserrat-Light.ttf */,
				23EB3A4F91574466A551D861 /* Montserrat-LightItalic.ttf */,
				E090ECB10D2046EF8116FB80 /* Montserrat-Medium.ttf */,
				BC73AB471F7F45D486D43BF1 /* Montserrat-MediumItalic.ttf */,
				4B637F0A83A549EC98E60C3D /* Montserrat-Regular.ttf */,
				5F6318AC0EB947489742E7B9 /* Montserrat-SemiBold.ttf */,
				184CBAFB2B8B4C84944E252B /* Montserrat-SemiBoldItalic.ttf */,
				35B3A9FE41F94FA3B229A820 /* Montserrat-Thin.ttf */,
				7E27DF67A83E420690C39A22 /* Montserrat-ThinItalic.ttf */,
				ABB2DFA074174DF499FD44D0 /* app_icon.png */,
				B55621D73D4E4AF59449AF87 /* avatar_default.png */,
				5B6785EDC89546C986BA38CC /* bg_one.png */,
				0C3B2B5E07D54352A0A19725 /* bg_zero.png */,
				672E1C05FC6A42B4A8ED323C /* cow.png */,
				99DF60F111AE4B3BA2EB5D71 /* horse.png */,
				089525ABF8B54BD3A248C59A /* person_ok.png */,
				5C37F04DAAE84D6B89207B7C /* pig.png */,
				8E2F7149B4AA497CA6FFBA25 /* pills.png */,
				952CA28531E34A44B6D1821B /* product_1.png */,
				FDE4F2D2722B4D9B905555C9 /* product_2.png */,
				EE44FCC7AA6F428FA6D643D9 /* saline.png */,
				90507504BC914E6E8C7134CF /* serum.png */,
				50D81D30B06B460FB8BA44F6 /* sheep.png */,
				1235578BB52542CEA348360D /* shopping_cart.png */,
				CD6E0AA68592495F966792E4 /* vaccine.png */,
				62841FD748974EC0A88C3B5B /* waves_bg.png */,
				12476F28A25B45768F21E3F3 /* waves_bottom_bg.png */,
			);
			name = Resources;
			sourceTree = "<group>";
		};
/* End PBXGroup section */

/* Begin PBXNativeTarget section */
		13B07F861A680F5B00A75B9A /* app */ = {
			isa = PBXNativeTarget;
			buildConfigurationList = 13B07F931A680F5B00A75B9A /* Build configuration list for PBXNativeTarget "app" */;
			buildPhases = (
				E63891E9669F8E843AFEE66E /* [CP] Check Pods Manifest.lock */,
				FD10A7F022414F080027D42C /* Start Packager */,
				13B07F871A680F5B00A75B9A /* Sources */,
				13B07F8C1A680F5B00A75B9A /* Frameworks */,
				13B07F8E1A680F5B00A75B9A /* Resources */,
				00DD1BFF1BD5951E006B06BC /* Bundle React Native code and images */,
				2B3F999BC541BB64F364A7AB /* [CP] Copy Pods Resources */,
			);
			buildRules = (
			);
			dependencies = (
			);
			name = app;
			productName = app;
			productReference = 13B07F961A680F5B00A75B9A /* Nutrivic.app */;
			productType = "com.apple.product-type.application";
		};
/* End PBXNativeTarget section */

/* Begin PBXProject section */
		83CBB9F71A601CBA00E9B192 /* Project object */ = {
			isa = PBXProject;
			attributes = {
				LastUpgradeCheck = 1240;
				ORGANIZATIONNAME = Facebook;
				TargetAttributes = {
					13B07F861A680F5B00A75B9A = {
						DevelopmentTeam = B47NLVKU44;
						LastSwiftMigration = 1150;
						SystemCapabilities = {
							com.apple.BackgroundModes = {
								enabled = true;
							};
						};
					};
				};
			};
			buildConfigurationList = 83CBB9FA1A601CBA00E9B192 /* Build configuration list for PBXProject "app" */;
			compatibilityVersion = "Xcode 3.2";
			developmentRegion = en;
			hasScannedForEncodings = 0;
			knownRegions = (
				en,
				Base,
			);
			mainGroup = 83CBB9F61A601CBA00E9B192;
			productRefGroup = 83CBBA001A601CBA00E9B192 /* Products */;
			projectDirPath = "";
			projectRoot = "";
			targets = (
				13B07F861A680F5B00A75B9A /* app */,
			);
		};
/* End PBXProject section */

/* Begin PBXResourcesBuildPhase section */
		13B07F8E1A680F5B00A75B9A /* Resources */ = {
			isa = PBXResourcesBuildPhase;
			buildActionMask = 2147483647;
			files = (
				13B07FBF1A68108700A75B9A /* Images.xcassets in Resources */,
				13B07FBD1A68108700A75B9A /* LaunchScreen.xib in Resources */,
				2790EFA40EA4468A8CC7BF5C /* Montserrat-Black.ttf in Resources */,
				1921669A379C4317B0DEF7AE /* Montserrat-BlackItalic.ttf in Resources */,
				4CCF060493BA43DD9659A706 /* Montserrat-Bold.ttf in Resources */,
				905CAF0618864BFB9D5A551D /* Montserrat-BoldItalic.ttf in Resources */,
				420960BF2646459CAA919463 /* Montserrat-ExtraBold.ttf in Resources */,
				CA12F1E0E97D42ECA7732EED /* Montserrat-ExtraBoldItalic.ttf in Resources */,
				9635B459AEB64EF08E286E1A /* Montserrat-ExtraLight.ttf in Resources */,
				01FA70C92DC2427E982DC6E5 /* Montserrat-ExtraLightItalic.ttf in Resources */,
				BE5E99B832494231B54EBD08 /* Montserrat-Italic.ttf in Resources */,
				DA3EB58771714707B3E31AE5 /* Montserrat-Light.ttf in Resources */,
				A65E94331DD34DCFA88208EE /* Montserrat-LightItalic.ttf in Resources */,
				1A41836514F14381999856FE /* Montserrat-Medium.ttf in Resources */,
				BC008949B742453DB94B1A9F /* Montserrat-MediumItalic.ttf in Resources */,
				9EE63B7595474E32A02CF2DE /* Montserrat-Regular.ttf in Resources */,
				94EFF1392F3E435E89EDA2C6 /* Montserrat-SemiBold.ttf in Resources */,
				3B8F1D59550C4976BD7D51D7 /* Montserrat-SemiBoldItalic.ttf in Resources */,
				C6EA8BAB9E544D869A3BEE35 /* Montserrat-Thin.ttf in Resources */,
				D4F5434355134434925398F9 /* Montserrat-ThinItalic.ttf in Resources */,
				2214905C35EE47B88C982ECA /* app_icon.png in Resources */,
				30AE345A05944B8FB80B89D1 /* avatar_default.png in Resources */,
				A3A9DCDEEB834CD98ADF638F /* bg_one.png in Resources */,
				1106EE1F4E3745FFA95011A6 /* bg_zero.png in Resources */,
				808AFDE8528A46AC812F2F08 /* cow.png in Resources */,
				DFB85451CB2B4158ADB0D5FA /* horse.png in Resources */,
				7DDDA744EC574BEE8D34AC98 /* person_ok.png in Resources */,
				66DB3CBF71CE4DAB887CC72B /* pig.png in Resources */,
				E5016926752C4129B075EB27 /* pills.png in Resources */,
				60D7935900B74874BB5A24FE /* product_1.png in Resources */,
				BA9D6AEC01AC48E08929003E /* product_2.png in Resources */,
				3B1AE0223052401DB7B0068E /* saline.png in Resources */,
				D9A2C1DEC69B446CB8088F9D /* serum.png in Resources */,
				E2BC2E98D7224C3A9F3BD18C /* sheep.png in Resources */,
				F692D3C1F26C47B2B6B4E36A /* shopping_cart.png in Resources */,
				791D3E708D0F40D58BAD674D /* vaccine.png in Resources */,
				42BC9AB3054C496EAB18F6FC /* waves_bg.png in Resources */,
				8B9E34F67D2B417CA2D6E26F /* waves_bottom_bg.png in Resources */,
			);
			runOnlyForDeploymentPostprocessing = 0;
		};
/* End PBXResourcesBuildPhase section */

/* Begin PBXShellScriptBuildPhase section */
		00DD1BFF1BD5951E006B06BC /* Bundle React Native code and images */ = {
			isa = PBXShellScriptBuildPhase;
			buildActionMask = 2147483647;
			files = (
			);
			inputPaths = (
			);
			name = "Bundle React Native code and images";
			outputPaths = (
			);
			runOnlyForDeploymentPostprocessing = 0;
			shellPath = /bin/sh;
			shellScript = "export NODE_BINARY=node\n../node_modules/react-native/scripts/react-native-xcode.sh\n";
		};
		2B3F999BC541BB64F364A7AB /* [CP] Copy Pods Resources */ = {
			isa = PBXShellScriptBuildPhase;
			buildActionMask = 2147483647;
			files = (
			);
			inputPaths = (
				"${PODS_ROOT}/Target Support Files/Pods-app/Pods-app-resources.sh",
				"${PODS_ROOT}/../../node_modules/react-native-vector-icons/Fonts/AntDesign.ttf",
				"${PODS_ROOT}/../../node_modules/react-native-vector-icons/Fonts/Entypo.ttf",
				"${PODS_ROOT}/../../node_modules/react-native-vector-icons/Fonts/EvilIcons.ttf",
				"${PODS_ROOT}/../../node_modules/react-native-vector-icons/Fonts/Feather.ttf",
				"${PODS_ROOT}/../../node_modules/react-native-vector-icons/Fonts/FontAwesome.ttf",
				"${PODS_ROOT}/../../node_modules/react-native-vector-icons/Fonts/FontAwesome5_Brands.ttf",
				"${PODS_ROOT}/../../node_modules/react-native-vector-icons/Fonts/FontAwesome5_Regular.ttf",
				"${PODS_ROOT}/../../node_modules/react-native-vector-icons/Fonts/FontAwesome5_Solid.ttf",
				"${PODS_ROOT}/../../node_modules/react-native-vector-icons/Fonts/Fontisto.ttf",
				"${PODS_ROOT}/../../node_modules/react-native-vector-icons/Fonts/Foundation.ttf",
				"${PODS_ROOT}/../../node_modules/react-native-vector-icons/Fonts/Ionicons.ttf",
				"${PODS_ROOT}/../../node_modules/react-native-vector-icons/Fonts/MaterialCommunityIcons.ttf",
				"${PODS_ROOT}/../../node_modules/react-native-vector-icons/Fonts/MaterialIcons.ttf",
				"${PODS_ROOT}/../../node_modules/react-native-vector-icons/Fonts/Octicons.ttf",
				"${PODS_ROOT}/../../node_modules/react-native-vector-icons/Fonts/SimpleLineIcons.ttf",
				"${PODS_ROOT}/../../node_modules/react-native-vector-icons/Fonts/Zocial.ttf",
				"${PODS_CONFIGURATION_BUILD_DIR}/React-Core/AccessibilityResources.bundle",
			);
			name = "[CP] Copy Pods Resources";
			outputPaths = (
				"${TARGET_BUILD_DIR}/${UNLOCALIZED_RESOURCES_FOLDER_PATH}/AntDesign.ttf",
				"${TARGET_BUILD_DIR}/${UNLOCALIZED_RESOURCES_FOLDER_PATH}/Entypo.ttf",
				"${TARGET_BUILD_DIR}/${UNLOCALIZED_RESOURCES_FOLDER_PATH}/EvilIcons.ttf",
				"${TARGET_BUILD_DIR}/${UNLOCALIZED_RESOURCES_FOLDER_PATH}/Feather.ttf",
				"${TARGET_BUILD_DIR}/${UNLOCALIZED_RESOURCES_FOLDER_PATH}/FontAwesome.ttf",
				"${TARGET_BUILD_DIR}/${UNLOCALIZED_RESOURCES_FOLDER_PATH}/FontAwesome5_Brands.ttf",
				"${TARGET_BUILD_DIR}/${UNLOCALIZED_RESOURCES_FOLDER_PATH}/FontAwesome5_Regular.ttf",
				"${TARGET_BUILD_DIR}/${UNLOCALIZED_RESOURCES_FOLDER_PATH}/FontAwesome5_Solid.ttf",
				"${TARGET_BUILD_DIR}/${UNLOCALIZED_RESOURCES_FOLDER_PATH}/Fontisto.ttf",
				"${TARGET_BUILD_DIR}/${UNLOCALIZED_RESOURCES_FOLDER_PATH}/Foundation.ttf",
				"${TARGET_BUILD_DIR}/${UNLOCALIZED_RESOURCES_FOLDER_PATH}/Ionicons.ttf",
				"${TARGET_BUILD_DIR}/${UNLOCALIZED_RESOURCES_FOLDER_PATH}/MaterialCommunityIcons.ttf",
				"${TARGET_BUILD_DIR}/${UNLOCALIZED_RESOURCES_FOLDER_PATH}/MaterialIcons.ttf",
				"${TARGET_BUILD_DIR}/${UNLOCALIZED_RESOURCES_FOLDER_PATH}/Octicons.ttf",
				"${TARGET_BUILD_DIR}/${UNLOCALIZED_RESOURCES_FOLDER_PATH}/SimpleLineIcons.ttf",
				"${TARGET_BUILD_DIR}/${UNLOCALIZED_RESOURCES_FOLDER_PATH}/Zocial.ttf",
				"${TARGET_BUILD_DIR}/${UNLOCALIZED_RESOURCES_FOLDER_PATH}/AccessibilityResources.bundle",
			);
			runOnlyForDeploymentPostprocessing = 0;
			shellPath = /bin/sh;
			shellScript = "\"${PODS_ROOT}/Target Support Files/Pods-app/Pods-app-resources.sh\"\n";
			showEnvVarsInLog = 0;
		};
		E63891E9669F8E843AFEE66E /* [CP] Check Pods Manifest.lock */ = {
			isa = PBXShellScriptBuildPhase;
			buildActionMask = 2147483647;
			files = (
			);
			inputFileListPaths = (
			);
			inputPaths = (
				"${PODS_PODFILE_DIR_PATH}/Podfile.lock",
				"${PODS_ROOT}/Manifest.lock",
			);
			name = "[CP] Check Pods Manifest.lock";
			outputFileListPaths = (
			);
			outputPaths = (
				"$(DERIVED_FILE_DIR)/Pods-app-checkManifestLockResult.txt",
			);
			runOnlyForDeploymentPostprocessing = 0;
			shellPath = /bin/sh;
			shellScript = "diff \"${PODS_PODFILE_DIR_PATH}/Podfile.lock\" \"${PODS_ROOT}/Manifest.lock\" > /dev/null\nif [ $? != 0 ] ; then\n    # print error to STDERR\n    echo \"error: The sandbox is not in sync with the Podfile.lock. Run 'pod install' or update your CocoaPods installation.\" >&2\n    exit 1\nfi\n# This output is used by Xcode 'outputs' to avoid re-running this script phase.\necho \"SUCCESS\" > \"${SCRIPT_OUTPUT_FILE_0}\"\n";
			showEnvVarsInLog = 0;
		};
		FD10A7F022414F080027D42C /* Start Packager */ = {
			isa = PBXShellScriptBuildPhase;
			buildActionMask = 2147483647;
			files = (
			);
			inputFileListPaths = (
			);
			inputPaths = (
			);
			name = "Start Packager";
			outputFileListPaths = (
			);
			outputPaths = (
			);
			runOnlyForDeploymentPostprocessing = 0;
			shellPath = /bin/sh;
			shellScript = "export RCT_METRO_PORT=\"${RCT_METRO_PORT:=8081}\"\necho \"export RCT_METRO_PORT=${RCT_METRO_PORT}\" > \"${SRCROOT}/../node_modules/react-native/scripts/.packager.env\"\nif [ -z \"${RCT_NO_LAUNCH_PACKAGER+xxx}\" ] ; then\n  if nc -w 5 -z localhost ${RCT_METRO_PORT} ; then\n    if ! curl -s \"http://localhost:${RCT_METRO_PORT}/status\" | grep -q \"packager-status:running\" ; then\n      echo \"Port ${RCT_METRO_PORT} already in use, packager is either not running or not running correctly\"\n      exit 2\n    fi\n  else\n    open \"$SRCROOT/../node_modules/react-native/scripts/launchPackager.command\" || echo \"Can't start packager automatically\"\n  fi\nfi\n";
			showEnvVarsInLog = 0;
		};
/* End PBXShellScriptBuildPhase section */

/* Begin PBXSourcesBuildPhase section */
		13B07F871A680F5B00A75B9A /* Sources */ = {
			isa = PBXSourcesBuildPhase;
			buildActionMask = 2147483647;
			files = (
				99474D5B238C0DF3004F2D2E /* RNBackgroundFetch+AppDelegate.m in Sources */,
				4B0CFA5624B4F0AA0068ABC6 /* File.swift in Sources */,
				13B07FBC1A68108700A75B9A /* AppDelegate.m in Sources */,
				13B07FC11A68108700A75B9A /* main.m in Sources */,
			);
			runOnlyForDeploymentPostprocessing = 0;
		};
/* End PBXSourcesBuildPhase section */

/* Begin PBXVariantGroup section */
		13B07FB11A68108700A75B9A /* LaunchScreen.xib */ = {
			isa = PBXVariantGroup;
			children = (
				13B07FB21A68108700A75B9A /* Base */,
			);
			name = LaunchScreen.xib;
			path = app;
			sourceTree = "<group>";
		};
/* End PBXVariantGroup section */

/* Begin XCBuildConfiguration section */
		13B07F941A680F5B00A75B9A /* Debug */ = {
			isa = XCBuildConfiguration;
			baseConfigurationReference = F544AD79C687F7BD9F4A0419 /* Pods-app.debug.xcconfig */;
			buildSettings = {
				ALWAYS_EMBED_SWIFT_STANDARD_LIBRARIES = YES;
				ASSETCATALOG_COMPILER_APPICON_NAME = AppIcon;
				CLANG_ENABLE_MODULES = YES;
				CURRENT_PROJECT_VERSION = 1;
				DEAD_CODE_STRIPPING = NO;
				DEVELOPMENT_TEAM = B47NLVKU44;
				FRAMEWORK_SEARCH_PATHS = " $(PROJECT_DIR)/../node_modules/react-native-background-fetch/ios/**";
				INFOPLIST_FILE = app/Info.plist;
				LD_RUNPATH_SEARCH_PATHS = "$(inherited) @executable_path/Frameworks";
				MARKETING_VERSION = 0.0.1;
				OTHER_LDFLAGS = (
					"$(inherited)",
					"-ObjC",
					"-lc++",
				);
				PRODUCT_BUNDLE_IDENTIFIER = app.com.nutrivic;
				PRODUCT_NAME = Nutrivic;
				SWIFT_OBJC_BRIDGING_HEADER = "app-Bridging-Header.h";
				SWIFT_OPTIMIZATION_LEVEL = "-Onone";
				SWIFT_VERSION = 5.0;
				VERSIONING_SYSTEM = "apple-generic";
			};
			name = Debug;
		};
		13B07F951A680F5B00A75B9A /* Release */ = {
			isa = XCBuildConfiguration;
			baseConfigurationReference = E331DBF999C576097E63564F /* Pods-app.release.xcconfig */;
			buildSettings = {
				ALWAYS_EMBED_SWIFT_STANDARD_LIBRARIES = YES;
				ASSETCATALOG_COMPILER_APPICON_NAME = AppIcon;
				CLANG_ENABLE_MODULES = YES;
				CURRENT_PROJECT_VERSION = 1;
				DEVELOPMENT_TEAM = B47NLVKU44;
				FRAMEWORK_SEARCH_PATHS = " $(PROJECT_DIR)/../node_modules/react-native-background-fetch/ios/**";
				INFOPLIST_FILE = app/Info.plist;
				LD_RUNPATH_SEARCH_PATHS = "$(inherited) @executable_path/Frameworks";
				MARKETING_VERSION = 0.0.1;
				OTHER_LDFLAGS = (
					"$(inherited)",
					"-ObjC",
					"-lc++",
				);
				PRODUCT_BUNDLE_IDENTIFIER = app.com.nutrivic;
				PRODUCT_NAME = Nutrivic;
				SWIFT_OBJC_BRIDGING_HEADER = "app-Bridging-Header.h";
				SWIFT_VERSION = 5.0;
				VERSIONING_SYSTEM = "apple-generic";
			};
			name = Release;
		};
		83CBBA201A601CBA00E9B192 /* Debug */ = {
			isa = XCBuildConfiguration;
			buildSettings = {
				ALWAYS_SEARCH_USER_PATHS = NO;
				CLANG_ANALYZER_LOCALIZABILITY_NONLOCALIZED = YES;
				CLANG_CXX_LANGUAGE_STANDARD = "gnu++0x";
				CLANG_CXX_LIBRARY = "libc++";
				CLANG_ENABLE_MODULES = YES;
				CLANG_ENABLE_OBJC_ARC = YES;
				CLANG_WARN_BLOCK_CAPTURE_AUTORELEASING = YES;
				CLANG_WARN_BOOL_CONVERSION = YES;
				CLANG_WARN_COMMA = YES;
				CLANG_WARN_CONSTANT_CONVERSION = YES;
				CLANG_WARN_DEPRECATED_OBJC_IMPLEMENTATIONS = YES;
				CLANG_WARN_DIRECT_OBJC_ISA_USAGE = YES_ERROR;
				CLANG_WARN_EMPTY_BODY = YES;
				CLANG_WARN_ENUM_CONVERSION = YES;
				CLANG_WARN_INFINITE_RECURSION = YES;
				CLANG_WARN_INT_CONVERSION = YES;
				CLANG_WARN_NON_LITERAL_NULL_CONVERSION = YES;
				CLANG_WARN_OBJC_IMPLICIT_RETAIN_SELF = YES;
				CLANG_WARN_OBJC_LITERAL_CONVERSION = YES;
				CLANG_WARN_OBJC_ROOT_CLASS = YES_ERROR;
				CLANG_WARN_QUOTED_INCLUDE_IN_FRAMEWORK_HEADER = YES;
				CLANG_WARN_RANGE_LOOP_ANALYSIS = YES;
				CLANG_WARN_STRICT_PROTOTYPES = YES;
				CLANG_WARN_SUSPICIOUS_MOVE = YES;
				CLANG_WARN_UNREACHABLE_CODE = YES;
				CLANG_WARN__DUPLICATE_METHOD_MATCH = YES;
				"CODE_SIGN_IDENTITY[sdk=iphoneos*]" = "iPhone Developer";
				COPY_PHASE_STRIP = NO;
				ENABLE_STRICT_OBJC_MSGSEND = YES;
				ENABLE_TESTABILITY = YES;
				GCC_C_LANGUAGE_STANDARD = gnu99;
				GCC_DYNAMIC_NO_PIC = NO;
				GCC_NO_COMMON_BLOCKS = YES;
				GCC_OPTIMIZATION_LEVEL = 0;
				GCC_PREPROCESSOR_DEFINITIONS = (
					"DEBUG=1",
					"$(inherited)",
				);
				GCC_SYMBOLS_PRIVATE_EXTERN = NO;
				GCC_WARN_64_TO_32_BIT_CONVERSION = YES;
				GCC_WARN_ABOUT_RETURN_TYPE = YES_ERROR;
				GCC_WARN_UNDECLARED_SELECTOR = YES;
				GCC_WARN_UNINITIALIZED_AUTOS = YES_AGGRESSIVE;
				GCC_WARN_UNUSED_FUNCTION = YES;
				GCC_WARN_UNUSED_VARIABLE = YES;
				IPHONEOS_DEPLOYMENT_TARGET = 9.0;
				MTL_ENABLE_DEBUG_INFO = YES;
				ONLY_ACTIVE_ARCH = YES;
				SDKROOT = iphoneos;
			};
			name = Debug;
		};
		83CBBA211A601CBA00E9B192 /* Release */ = {
			isa = XCBuildConfiguration;
			buildSettings = {
				ALWAYS_SEARCH_USER_PATHS = NO;
				CLANG_ANALYZER_LOCALIZABILITY_NONLOCALIZED = YES;
				CLANG_CXX_LANGUAGE_STANDARD = "gnu++0x";
				CLANG_CXX_LIBRARY = "libc++";
				CLANG_ENABLE_MODULES = YES;
				CLANG_ENABLE_OBJC_ARC = YES;
				CLANG_WARN_BLOCK_CAPTURE_AUTORELEASING = YES;
				CLANG_WARN_BOOL_CONVERSION = YES;
				CLANG_WARN_COMMA = YES;
				CLANG_WARN_CONSTANT_CONVERSION = YES;
				CLANG_WARN_DEPRECATED_OBJC_IMPLEMENTATIONS = YES;
				CLANG_WARN_DIRECT_OBJC_ISA_USAGE = YES_ERROR;
				CLANG_WARN_EMPTY_BODY = YES;
				CLANG_WARN_ENUM_CONVERSION = YES;
				CLANG_WARN_INFINITE_RECURSION = YES;
				CLANG_WARN_INT_CONVERSION = YES;
				CLANG_WARN_NON_LITERAL_NULL_CONVERSION = YES;
				CLANG_WARN_OBJC_IMPLICIT_RETAIN_SELF = YES;
				CLANG_WARN_OBJC_LITERAL_CONVERSION = YES;
				CLANG_WARN_OBJC_ROOT_CLASS = YES_ERROR;
				CLANG_WARN_QUOTED_INCLUDE_IN_FRAMEWORK_HEADER = YES;
				CLANG_WARN_RANGE_LOOP_ANALYSIS = YES;
				CLANG_WARN_STRICT_PROTOTYPES = YES;
				CLANG_WARN_SUSPICIOUS_MOVE = YES;
				CLANG_WARN_UNREACHABLE_CODE = YES;
				CLANG_WARN__DUPLICATE_METHOD_MATCH = YES;
				"CODE_SIGN_IDENTITY[sdk=iphoneos*]" = "iPhone Developer";
				COPY_PHASE_STRIP = YES;
				ENABLE_NS_ASSERTIONS = NO;
				ENABLE_STRICT_OBJC_MSGSEND = YES;
				GCC_C_LANGUAGE_STANDARD = gnu99;
				GCC_NO_COMMON_BLOCKS = YES;
				GCC_WARN_64_TO_32_BIT_CONVERSION = YES;
				GCC_WARN_ABOUT_RETURN_TYPE = YES_ERROR;
				GCC_WARN_UNDECLARED_SELECTOR = YES;
				GCC_WARN_UNINITIALIZED_AUTOS = YES_AGGRESSIVE;
				GCC_WARN_UNUSED_FUNCTION = YES;
				GCC_WARN_UNUSED_VARIABLE = YES;
				IPHONEOS_DEPLOYMENT_TARGET = 9.0;
				MTL_ENABLE_DEBUG_INFO = NO;
				SDKROOT = iphoneos;
				SWIFT_COMPILATION_MODE = wholemodule;
				VALIDATE_PRODUCT = YES;
			};
			name = Release;
		};
/* End XCBuildConfiguration section */

/* Begin XCConfigurationList section */
		13B07F931A680F5B00A75B9A /* Build configuration list for PBXNativeTarget "app" */ = {
			isa = XCConfigurationList;
			buildConfigurations = (
				13B07F941A680F5B00A75B9A /* Debug */,
				13B07F951A680F5B00A75B9A /* Release */,
			);
			defaultConfigurationIsVisible = 0;
			defaultConfigurationName = Release;
		};
		83CBB9FA1A601CBA00E9B192 /* Build configuration list for PBXProject "app" */ = {
			isa = XCConfigurationList;
			buildConfigurations = (
				83CBBA201A601CBA00E9B192 /* Debug */,
				83CBBA211A601CBA00E9B192 /* Release */,
			);
			defaultConfigurationIsVisible = 0;
			defaultConfigurationName = Release;
		};
/* End XCConfigurationList section */
	};
	rootObject = 83CBB9F71A601CBA00E9B192 /* Project object */;
}
